
Microsoft Visual Studio Solution File, Format Version 12.00
# Visual Studio Version 16
VisualStudioVersion = 16.0.31624.102
MinimumVisualStudioVersion = 10.0.40219.1
Project("{FAE04EC0-301F-11D3-BF4B-00C04F79EFBC}") = "ApiCatalogoJogos", "ApiCatalogoJogos\ApiCatalogoJogos.csproj", "{4FE9F440-C0FF-4F09-BAE4-1173EF36BDF3}"
EndProject
Global
	GlobalSection(SolutionConfigurationPlatforms) = preSolution
		Debug|Any CPU = Debug|Any CPU
		Release|Any CPU = Release|Any CPU
	EndGlobalSection
	GlobalSection(ProjectConfigurationPlatforms) = postSolution
		{4FE9F440-C0FF-4F09-BAE4-1173EF36BDF3}.Debug|Any CPU.ActiveCfg = Debug|Any CPU
		{4FE9F440-C0FF-4F09-BAE4-1173EF36BDF3}.Debug|Any CPU.Build.0 = Debug|Any CPU
		{4FE9F440-C0FF-4F09-BAE4-1173EF36BDF3}.Release|Any CPU.ActiveCfg = Release|Any CPU
		{4FE9F440-C0FF-4F09-BAE4-1173EF36BDF3}.Release|Any CPU.Build.0 = Release|Any CPU
	EndGlobalSection
	GlobalSection(SolutionProperties) = preSolution
		HideSolutionNode = FALSE
	EndGlobalSection
	GlobalSection(ExtensibilityGlobals) = postSolution
		SolutionGuid = {5F1D9BA1-B06D-46CB-9E11-E016EA16EE57}
	EndGlobalSection
EndGlobal
